
Microsoft Visual Studio Solution File, Format Version 12.00
# Visual Studio Version 16
VisualStudioVersion = 16.0.30907.101
MinimumVisualStudioVersion = 10.0.40219.1
Project("{9A19103F-16F7-4668-BE54-9A1E7A4F7556}") = "Zeats.AutoMapper", "Zeats.AutoMapper\Zeats.AutoMapper.csproj", "{C344A77E-9B5E-4C4C-9927-1320E588AE56}"
EndProject
Project("{9A19103F-16F7-4668-BE54-9A1E7A4F7556}") = "Zeats.AutoMapper.UnitTest", "Zeats.AutoMapper.UnitTest\Zeats.AutoMapper.UnitTest.csproj", "{4B95729D-0C1C-4249-8C3E-762381195503}"
EndProject
Project("{2150E333-8FDC-42A3-9474-1A3956D46DE8}") = ".devops", ".devops", "{ACBCC9EC-7A07-4BB7-9224-D1FDEE04FC62}"
	ProjectSection(SolutionItems) = preProject
		azure-pipelines.yml = azure-pipelines.yml
	EndProjectSection
EndProject
Project("{2150E333-8FDC-42A3-9474-1A3956D46DE8}") = ".github", ".github", "{7E4920A9-D330-4625-8580-4880C586ED01}"
	ProjectSection(SolutionItems) = preProject
		README.md.txt = README.md.txt
	EndProjectSection
EndProject
Global
	GlobalSection(SolutionConfigurationPlatforms) = preSolution
		Debug|Any CPU = Debug|Any CPU
		Release|Any CPU = Release|Any CPU
	EndGlobalSection
	GlobalSection(ProjectConfigurationPlatforms) = postSolution
		{C344A77E-9B5E-4C4C-9927-1320E588AE56}.Debug|Any CPU.ActiveCfg = Debug|Any CPU
		{C344A77E-9B5E-4C4C-9927-1320E588AE56}.Debug|Any CPU.Build.0 = Debug|Any CPU
		{C344A77E-9B5E-4C4C-9927-1320E588AE56}.Release|Any CPU.ActiveCfg = Release|Any CPU
		{C344A77E-9B5E-4C4C-9927-1320E588AE56}.Release|Any CPU.Build.0 = Release|Any CPU
		{4B95729D-0C1C-4249-8C3E-762381195503}.Debug|Any CPU.ActiveCfg = Debug|Any CPU
		{4B95729D-0C1C-4249-8C3E-762381195503}.Debug|Any CPU.Build.0 = Debug|Any CPU
		{4B95729D-0C1C-4249-8C3E-762381195503}.Release|Any CPU.ActiveCfg = Release|Any CPU
		{4B95729D-0C1C-4249-8C3E-762381195503}.Release|Any CPU.Build.0 = Release|Any CPU
	EndGlobalSection
	GlobalSection(SolutionProperties) = preSolution
		HideSolutionNode = FALSE
	EndGlobalSection
	GlobalSection(ExtensibilityGlobals) = postSolution
		SolutionGuid = {3A93A034-B954-4259-A3EB-6B5CF2B2D9DE}
	EndGlobalSection
EndGlobal
